// !$*UTF8*$!
{
	archiveVersion = 1;
	classes = {
	};
	objectVersion = 46;
	objects = {

/* Begin PBXBuildFile section */
		A859C5EB1C30CD84000CF361 /* main.m in Sources */ = {isa = PBXBuildFile; fileRef = A859C5EA1C30CD84000CF361 /* main.m */; };
		A859C5EE1C30CD84000CF361 /* AppDelegate.m in Sources */ = {isa = PBXBuildFile; fileRef = A859C5ED1C30CD84000CF361 /* AppDelegate.m */; };
		A859C5F11C30CD84000CF361 /* ViewController.m in Sources */ = {isa = PBXBuildFile; fileRef = A859C5F01C30CD84000CF361 /* ViewController.m */; };
		A859C5F41C30CD84000CF361 /* Main.storyboard in Resources */ = {isa = PBXBuildFile; fileRef = A859C5F21C30CD84000CF361 /* Main.storyboard */; };
		A859C5F71C30CD84000CF361 /* MyWVU.xcdatamodeld in Sources */ = {isa = PBXBuildFile; fileRef = A859C5F51C30CD84000CF361 /* MyWVU.xcdatamodeld */; };
		A859C5F91C30CD84000CF361 /* Assets.xcassets in Resources */ = {isa = PBXBuildFile; fileRef = A859C5F81C30CD84000CF361 /* Assets.xcassets */; };
		A859C5FC1C30CD84000CF361 /* LaunchScreen.storyboard in Resources */ = {isa = PBXBuildFile; fileRef = A859C5FA1C30CD84000CF361 /* LaunchScreen.storyboard */; };
		A859C6071C30CD84000CF361 /* MyWVUTests.m in Sources */ = {isa = PBXBuildFile; fileRef = A859C6061C30CD84000CF361 /* MyWVUTests.m */; };
		A859C6121C30CD84000CF361 /* MyWVUUITests.m in Sources */ = {isa = PBXBuildFile; fileRef = A859C6111C30CD84000CF361 /* MyWVUUITests.m */; };
/* End PBXBuildFile section */

/* Begin PBXContainerItemProxy section */
		A859C6031C30CD84000CF361 /* PBXContainerItemProxy */ = {
			isa = PBXContainerItemProxy;
			containerPortal = A859C5DE1C30CD84000CF361 /* Project object */;
			proxyType = 1;
			remoteGlobalIDString = A859C5E51C30CD84000CF361;
			remoteInfo = MyWVU;
		};
		A859C60E1C30CD84000CF361 /* PBXContainerItemProxy */ = {
			isa = PBXContainerItemProxy;
			containerPortal = A859C5DE1C30CD84000CF361 /* Project object */;
			proxyType = 1;
			remoteGlobalIDString = A859C5E51C30CD84000CF361;
			remoteInfo = MyWVU;
		};
/* End PBXContainerItemProxy section */

/* Begin PBXFileReference section */
		A859C5E61C30CD84000CF361 /* MyWVU.app */ = {isa = PBXFileReference; explicitFileType = wrapper.application; includeInIndex = 0; path = MyWVU.app; sourceTree = BUILT_PRODUCTS_DIR; };
		A859C5EA1C30CD84000CF361 /* main.m */ = {isa = PBXFileReference; lastKnownFileType = sourcecode.c.objc; path = main.m; sourceTree = "<group>"; };
		A859C5EC1C30CD84000CF361 /* AppDelegate.h */ = {isa = PBXFileReference; lastKnownFileType = sourcecode.c.h; path = AppDelegate.h; sourceTree = "<group>"; };
		A859C5ED1C30CD84000CF361 /* AppDelegate.m */ = {isa = PBXFileReference; lastKnownFileType = sourcecode.c.objc; path = AppDelegate.m; sourceTree = "<group>"; };
		A859C5EF1C30CD84000CF361 /* ViewController.h */ = {isa = PBXFileReference; lastKnownFileType = sourcecode.c.h; path = ViewController.h; sourceTree = "<group>"; };
		A859C5F01C30CD84000CF361 /* ViewController.m */ = {isa = PBXFileReference; lastKnownFileType = sourcecode.c.objc; path = ViewController.m; sourceTree = "<group>"; };
		A859C5F31C30CD84000CF361 /* Base */ = {isa = PBXFileReference; lastKnownFileType = file.storyboard; name = Base; path = Base.lproj/Main.storyboard; sourceTree = "<group>"; };
		A859C5F61C30CD84000CF361 /* MyWVU.xcdatamodel */ = {isa = PBXFileReference; lastKnownFileType = wrapper.xcdatamodel; path = MyWVU.xcdatamodel; sourceTree = "<group>"; };
		A859C5F81C30CD84000CF361 /* Assets.xcassets */ = {isa = PBXFileReference; lastKnownFileType = folder.assetcatalog; path = Assets.xcassets; sourceTree = "<group>"; };
		A859C5FB1C30CD84000CF361 /* Base */ = {isa = PBXFileReference; lastKnownFileType = file.storyboard; name = Base; path = Base.lproj/LaunchScreen.storyboard; sourceTree = "<group>"; };
		A859C5FD1C30CD84000CF361 /* Info.plist */ = {isa = PBXFileReference; lastKnownFileType = text.plist.xml; path = Info.plist; sourceTree = "<group>"; };
		A859C6021C30CD84000CF361 /* MyWVUTests.xctest */ = {isa = PBXFileReference; explicitFileType = wrapper.cfbundle; includeInIndex = 0; path = MyWVUTests.xctest; sourceTree = BUILT_PRODUCTS_DIR; };
		A859C6061C30CD84000CF361 /* MyWVUTests.m */ = {isa = PBXFileReference; lastKnownFileType = sourcecode.c.objc; path = MyWVUTests.m; sourceTree = "<group>"; };
		A859C6081C30CD84000CF361 /* Info.plist */ = {isa = PBXFileReference; lastKnownFileType = text.plist.xml; path = Info.plist; sourceTree = "<group>"; };
		A859C60D1C30CD84000CF361 /* MyWVUUITests.xctest */ = {isa = PBXFileReference; explicitFileType = wrapper.cfbundle; includeInIndex = 0; path = MyWVUUITests.xctest; sourceTree = BUILT_PRODUCTS_DIR; };
		A859C6111C30CD84000CF361 /* MyWVUUITests.m */ = {isa = PBXFileReference; lastKnownFileType = sourcecode.c.objc; path = MyWVUUITests.m; sourceTree = "<group>"; };
		A859C6131C30CD84000CF361 /* Info.plist */ = {isa = PBXFileReference; lastKnownFileType = text.plist.xml; path = Info.plist; sourceTree = "<group>"; };
/* End PBXFileReference section */

/* Begin PBXFrameworksBuildPhase section */
		A859C5E31C30CD84000CF361 /* Frameworks */ = {
			isa = PBXFrameworksBuildPhase;
			buildActionMask = 2147483647;
			files = (
			);
			runOnlyForDeploymentPostprocessing = 0;
		};
		A859C5FF1C30CD84000CF361 /* Frameworks */ = {
			isa = PBXFrameworksBuildPhase;
			buildActionMask = 2147483647;
			files = (
			);
			runOnlyForDeploymentPostprocessing = 0;
		};
		A859C60A1C30CD84000CF361 /* Frameworks */ = {
			isa = PBXFrameworksBuildPhase;
			buildActionMask = 2147483647;
			files = (
			);
			runOnlyForDeploymentPostprocessing = 0;
		};
/* End PBXFrameworksBuildPhase section */

/* Begin PBXGroup section */
		A859C5DD1C30CD84000CF361 = {
			isa = PBXGroup;
			children = (
				A859C5E81C30CD84000CF361 /* MyWVU */,
				A859C6051C30CD84000CF361 /* MyWVUTests */,
				A859C6101C30CD84000CF361 /* MyWVUUITests */,
				A859C5E71C30CD84000CF361 /* Products */,
			);
			sourceTree = "<group>";
		};
		A859C5E71C30CD84000CF361 /* Products */ = {
			isa = PBXGroup;
			children = (
				A859C5E61C30CD84000CF361 /* MyWVU.app */,
				A859C6021C30CD84000CF361 /* MyWVUTests.xctest */,
				A859C60D1C30CD84000CF361 /* MyWVUUITests.xctest */,
			);
			name = Products;
			sourceTree = "<group>";
		};
		A859C5E81C30CD84000CF361 /* MyWVU */ = {
			isa = PBXGroup;
			children = (
				A859C5EC1C30CD84000CF361 /* AppDelegate.h */,
				A859C5ED1C30CD84000CF361 /* AppDelegate.m */,
				A859C5EF1C30CD84000CF361 /* ViewController.h */,
				A859C5F01C30CD84000CF361 /* ViewController.m */,
				A859C5F21C30CD84000CF361 /* Main.storyboard */,
				A859C5F81C30CD84000CF361 /* Assets.xcassets */,
				A859C5FA1C30CD84000CF361 /* LaunchScreen.storyboard */,
				A859C5FD1C30CD84000CF361 /* Info.plist */,
				A859C5F51C30CD84000CF361 /* MyWVU.xcdatamodeld */,
				A859C5E91C30CD84000CF361 /* Supporting Files */,
			);
			path = MyWVU;
			sourceTree = "<group>";
		};
		A859C5E91C30CD84000CF361 /* Supporting Files */ = {
			isa = PBXGroup;
			children = (
				A859C5EA1C30CD84000CF361 /* main.m */,
			);
			name = "Supporting Files";
			sourceTree = "<group>";
		};
		A859C6051C30CD84000CF361 /* MyWVUTests */ = {
			isa = PBXGroup;
			children = (
				A859C6061C30CD84000CF361 /* MyWVUTests.m */,
				A859C6081C30CD84000CF361 /* Info.plist */,
			);
			path = MyWVUTests;
			sourceTree = "<group>";
		};
		A859C6101C30CD84000CF361 /* MyWVUUITests */ = {
			isa = PBXGroup;
			children = (
				A859C6111C30CD84000CF361 /* MyWVUUITests.m */,
				A859C6131C30CD84000CF361 /* Info.plist */,
			);
			path = MyWVUUITests;
			sourceTree = "<group>";
		};
/* End PBXGroup section */

/* Begin PBXNativeTarget section */
		A859C5E51C30CD84000CF361 /* MyWVU */ = {
			isa = PBXNativeTarget;
			buildConfigurationList = A859C6161C30CD84000CF361 /* Build configuration list for PBXNativeTarget "MyWVU" */;
			buildPhases = (
				A859C5E21C30CD84000CF361 /* Sources */,
				A859C5E31C30CD84000CF361 /* Frameworks */,
				A859C5E41C30CD84000CF361 /* Resources */,
			);
			buildRules = (
			);
			dependencies = (
			);
			name = MyWVU;
			productName = MyWVU;
			productReference = A859C5E61C30CD84000CF361 /* MyWVU.app */;
			productType = "com.apple.product-type.application";
		};
		A859C6011C30CD84000CF361 /* MyWVUTests */ = {
			isa = PBXNativeTarget;
			buildConfigurationList = A859C6191C30CD84000CF361 /* Build configuration list for PBXNativeTarget "MyWVUTests" */;
			buildPhases = (
				A859C5FE1C30CD84000CF361 /* Sources */,
				A859C5FF1C30CD84000CF361 /* Frameworks */,
				A859C6001C30CD84000CF361 /* Resources */,
			);
			buildRules = (
			);
			dependencies = (
				A859C6041C30CD84000CF361 /* PBXTargetDependency */,
			);
			name = MyWVUTests;
			productName = MyWVUTests;
			productReference = A859C6021C30CD84000CF361 /* MyWVUTests.xctest */;
			productType = "com.apple.product-type.bundle.unit-test";
		};
		A859C60C1C30CD84000CF361 /* MyWVUUITests */ = {
			isa = PBXNativeTarget;
			buildConfigurationList = A859C61C1C30CD84000CF361 /* Build configuration list for PBXNativeTarget "MyWVUUITests" */;
			buildPhases = (
				A859C6091C30CD84000CF361 /* Sources */,
				A859C60A1C30CD84000CF361 /* Frameworks */,
				A859C60B1C30CD84000CF361 /* Resources */,
			);
			buildRules = (
			);
			dependencies = (
				A859C60F1C30CD84000CF361 /* PBXTargetDependency */,
			);
			name = MyWVUUITests;
			productName = MyWVUUITests;
			productReference = A859C60D1C30CD84000CF361 /* MyWVUUITests.xctest */;
			productType = "com.apple.product-type.bundle.ui-testing";
		};
/* End PBXNativeTarget section */

/* Begin PBXProject section */
		A859C5DE1C30CD84000CF361 /* Project object */ = {
			isa = PBXProject;
			attributes = {
				LastUpgradeCheck = 0720;
				ORGANIZATIONNAME = ApaTapA;
				TargetAttributes = {
					A859C5E51C30CD84000CF361 = {
						CreatedOnToolsVersion = 7.2;
					};
					A859C6011C30CD84000CF361 = {
						CreatedOnToolsVersion = 7.2;
						TestTargetID = A859C5E51C30CD84000CF361;
					};
					A859C60C1C30CD84000CF361 = {
						CreatedOnToolsVersion = 7.2;
						TestTargetID = A859C5E51C30CD84000CF361;
					};
				};
			};
			buildConfigurationList = A859C5E11C30CD84000CF361 /* Build configuration list for PBXProject "MyWVU" */;
			compatibilityVersion = "Xcode 3.2";
			developmentRegion = English;
			hasScannedForEncodings = 0;
			knownRegions = (
				en,
				Base,
			);
			mainGroup = A859C5DD1C30CD84000CF361;
			productRefGroup = A859C5E71C30CD84000CF361 /* Products */;
			projectDirPath = "";
			projectRoot = "";
			targets = (
				A859C5E51C30CD84000CF361 /* MyWVU */,
				A859C6011C30CD84000CF361 /* MyWVUTests */,
				A859C60C1C30CD84000CF361 /* MyWVUUITests */,
			);
		};
/* End PBXProject section */

/* Begin PBXResourcesBuildPhase section */
		A859C5E41C30CD84000CF361 /* Resources */ = {
			isa = PBXResourcesBuildPhase;
			buildActionMask = 2147483647;
			files = (
				A859C5FC1C30CD84000CF361 /* LaunchScreen.storyboard in Resources */,
				A859C5F91C30CD84000CF361 /* Assets.xcassets in Resources */,
				A859C5F41C30CD84000CF361 /* Main.storyboard in Resources */,
			);
			runOnlyForDeploymentPostprocessing = 0;
		};
		A859C6001C30CD84000CF361 /* Resources */ = {
			isa = PBXResourcesBuildPhase;
			buildActionMask = 2147483647;
			files = (
			);
			runOnlyForDeploymentPostprocessing = 0;
		};
		A859C60B1C30CD84000CF361 /* Resources */ = {
			isa = PBXResourcesBuildPhase;
			buildActionMask = 2147483647;
			files = (
			);
			runOnlyForDeploymentPostprocessing = 0;
		};
/* End PBXResourcesBuildPhase section */

/* Begin PBXSourcesBuildPhase section */
		A859C5E21C30CD84000CF361 /* Sources */ = {
			isa = PBXSourcesBuildPhase;
			buildActionMask = 2147483647;
			files = (
				A859C5F11C30CD84000CF361 /* ViewController.m in Sources */,
				A859C5EE1C30CD84000CF361 /* AppDelegate.m in Sources */,
				A859C5F71C30CD84000CF361 /* MyWVU.xcdatamodeld in Sources */,
				A859C5EB1C30CD84000CF361 /* main.m in Sources */,
			);
			runOnlyForDeploymentPostprocessing = 0;
		};
		A859C5FE1C30CD84000CF361 /* Sources */ = {
			isa = PBXSourcesBuildPhase;
			buildActionMask = 2147483647;
			files = (
				A859C6071C30CD84000CF361 /* MyWVUTests.m in Sources */,
			);
			runOnlyForDeploymentPostprocessing = 0;
		};
		A859C6091C30CD84000CF361 /* Sources */ = {
			isa = PBXSourcesBuildPhase;
			buildActionMask = 2147483647;
			files = (
				A859C6121C30CD84000CF361 /* MyWVUUITests.m in Sources */,
			);
			runOnlyForDeploymentPostprocessing = 0;
		};
/* End PBXSourcesBuildPhase section */

/* Begin PBXTargetDependency section */
		A859C6041C30CD84000CF361 /* PBXTargetDependency */ = {
			isa = PBXTargetDependency;
			target = A859C5E51C30CD84000CF361 /* MyWVU */;
			targetProxy = A859C6031C30CD84000CF361 /* PBXContainerItemProxy */;
		};
		A859C60F1C30CD84000CF361 /* PBXTargetDependency */ = {
			isa = PBXTargetDependency;
			target = A859C5E51C30CD84000CF361 /* MyWVU */;
			targetProxy = A859C60E1C30CD84000CF361 /* PBXContainerItemProxy */;
		};
/* End PBXTargetDependency section */

/* Begin PBXVariantGroup section */
		A859C5F21C30CD84000CF361 /* Main.storyboard */ = {
			isa = PBXVariantGroup;
			children = (
				A859C5F31C30CD84000CF361 /* Base */,
			);
			name = Main.storyboard;
			sourceTree = "<group>";
		};
		A859C5FA1C30CD84000CF361 /* LaunchScreen.storyboard */ = {
			isa = PBXVariantGroup;
			children = (
				A859C5FB1C30CD84000CF361 /* Base */,
			);
			name = LaunchScreen.storyboard;
			sourceTree = "<group>";
		};
/* End PBXVariantGroup section */

/* Begin XCBuildConfiguration section */
		A859C6141C30CD84000CF361 /* Debug */ = {
			isa = XCBuildConfiguration;
			buildSettings = {
				ALWAYS_SEARCH_USER_PATHS = NO;
				CLANG_CXX_LANGUAGE_STANDARD = "gnu++0x";
				CLANG_CXX_LIBRARY = "libc++";
				CLANG_ENABLE_MODULES = YES;
				CLANG_ENABLE_OBJC_ARC = YES;
				CLANG_WARN_BOOL_CONVERSION = YES;
				CLANG_WARN_CONSTANT_CONVERSION = YES;
				CLANG_WARN_DIRECT_OBJC_ISA_USAGE = YES_ERROR;
				CLANG_WARN_EMPTY_BODY = YES;
				CLANG_WARN_ENUM_CONVERSION = YES;
				CLANG_WARN_INT_CONVERSION = YES;
				CLANG_WARN_OBJC_ROOT_CLASS = YES_ERROR;
				CLANG_WARN_UNREACHABLE_CODE = YES;
				CLANG_WARN__DUPLICATE_METHOD_MATCH = YES;
				"CODE_SIGN_IDENTITY[sdk=iphoneos*]" = "iPhone Developer";
				COPY_PHASE_STRIP = NO;
				DEBUG_INFORMATION_FORMAT = dwarf;
				ENABLE_STRICT_OBJC_MSGSEND = YES;
				ENABLE_TESTABILITY = YES;
				GCC_C_LANGUAGE_STANDARD = gnu99;
				GCC_DYNAMIC_NO_PIC = NO;
				GCC_NO_COMMON_BLOCKS = YES;
				GCC_OPTIMIZATION_LEVEL = 0;
				GCC_PREPROCESSOR_DEFINITIONS = (
					"DEBUG=1",
					"$(inherited)",
				);
				GCC_WARN_64_TO_32_BIT_CONVERSION = YES;
				GCC_WARN_ABOUT_RETURN_TYPE = YES_ERROR;
				GCC_WARN_UNDECLARED_SELECTOR = YES;
				GCC_WARN_UNINITIALIZED_AUTOS = YES_AGGRESSIVE;
				GCC_WARN_UNUSED_FUNCTION = YES;
				GCC_WARN_UNUSED_VARIABLE = YES;
				IPHONEOS_DEPLOYMENT_TARGET = 9.2;
				MTL_ENABLE_DEBUG_INFO = YES;
				ONLY_ACTIVE_ARCH = YES;
				SDKROOT = iphoneos;
			};
			name = Debug;
		};
		A859C6151C30CD84000CF361 /* Release */ = {
			isa = XCBuildConfiguration;
			buildSettings = {
				ALWAYS_SEARCH_USER_PATHS = NO;
				CLANG_CXX_LANGUAGE_STANDARD = "gnu++0x";
				CLANG_CXX_LIBRARY = "libc++";
				CLANG_ENABLE_MODULES = YES;
				CLANG_ENABLE_OBJC_ARC = YES;
				CLANG_WARN_BOOL_CONVERSION = YES;
				CLANG_WARN_CONSTANT_CONVERSION = YES;
				CLANG_WARN_DIRECT_OBJC_ISA_USAGE = YES_ERROR;
				CLANG_WARN_EMPTY_BODY = YES;
				CLANG_WARN_ENUM_CONVERSION = YES;
				CLANG_WARN_INT_CONVERSION = YES;
				CLANG_WARN_OBJC_ROOT_CLASS = YES_ERROR;
				CLANG_WARN_UNREACHABLE_CODE = YES;
				CLANG_WARN__DUPLICATE_METHOD_MATCH = YES;
				"CODE_SIGN_IDENTITY[sdk=iphoneos*]" = "iPhone Developer";
				COPY_PHASE_STRIP = NO;
				DEBUG_INFORMATION_FORMAT = "dwarf-with-dsym";
				ENABLE_NS_ASSERTIONS = NO;
				ENABLE_STRICT_OBJC_MSGSEND = YES;
				GCC_C_LANGUAGE_STANDARD = gnu99;
				GCC_NO_COMMON_BLOCKS = YES;
				GCC_WARN_64_TO_32_BIT_CONVERSION = YES;
				GCC_WARN_ABOUT_RETURN_TYPE = YES_ERROR;
				GCC_WARN_UNDECLARED_SELECTOR = YES;
				GCC_WARN_UNINITIALIZED_AUTOS = YES_AGGRESSIVE;
				GCC_WARN_UNUSED_FUNCTION = YES;
				GCC_WARN_UNUSED_VARIABLE = YES;
				IPHONEOS_DEPLOYMENT_TARGET = 9.2;
				MTL_ENABLE_DEBUG_INFO = NO;
				SDKROOT = iphoneos;
				VALIDATE_PRODUCT = YES;
			};
			name = Release;
		};
		A859C6171C30CD84000CF361 /* Debug */ = {
			isa = XCBuildConfiguration;
			buildSettings = {
				ASSETCATALOG_COMPILER_APPICON_NAME = AppIcon;
				INFOPLIST_FILE = MyWVU/Info.plist;
				LD_RUNPATH_SEARCH_PATHS = "$(inherited) @executable_path/Frameworks";
				PRODUCT_BUNDLE_IDENTIFIER = self.edu.thomasdiffendal.MyWVU;
				PRODUCT_NAME = "$(TARGET_NAME)";
			};
			name = Debug;
		};
		A859C6181C30CD84000CF361 /* Release */ = {
			isa = XCBuildConfiguration;
			buildSettings = {
				ASSETCATALOG_COMPILER_APPICON_NAME = AppIcon;
				INFOPLIST_FILE = MyWVU/Info.plist;
				LD_RUNPATH_SEARCH_PATHS = "$(inherited) @executable_path/Frameworks";
				PRODUCT_BUNDLE_IDENTIFIER = self.edu.thomasdiffendal.MyWVU;
				PRODUCT_NAME = "$(TARGET_NAME)";
			};
			name = Release;
		};
		A859C61A1C30CD84000CF361 /* Debug */ = {
			isa = XCBuildConfiguration;
			buildSettings = {
				BUNDLE_LOADER = "$(TEST_HOST)";
				INFOPLIST_FILE = MyWVUTests/Info.plist;
				LD_RUNPATH_SEARCH_PATHS = "$(inherited) @executable_path/Frameworks @loader_path/Frameworks";
				PRODUCT_BUNDLE_IDENTIFIER = self.edu.thomasdiffendal.MyWVUTests;
				PRODUCT_NAME = "$(TARGET_NAME)";
				TEST_HOST = "$(BUILT_PRODUCTS_DIR)/MyWVU.app/MyWVU";
			};
			name = Debug;
		};
		A859C61B1C30CD84000CF361 /* Release */ = {
			isa = XCBuildConfiguration;
			buildSettings = {
				BUNDLE_LOADER = "$(TEST_HOST)";
				INFOPLIST_FILE = MyWVUTests/Info.plist;
				LD_RUNPATH_SEARCH_PATHS = "$(inherited) @executable_path/Frameworks @loader_path/Frameworks";
				PRODUCT_BUNDLE_IDENTIFIER = self.edu.thomasdiffendal.MyWVUTests;
				PRODUCT_NAME = "$(TARGET_NAME)";
				TEST_HOST = "$(BUILT_PRODUCTS_DIR)/MyWVU.app/MyWVU";
			};
			name = Release;
		};
		A859C61D1C30CD84000CF361 /* Debug */ = {
			isa = XCBuildConfiguration;
			buildSettings = {
				INFOPLIST_FILE = MyWVUUITests/Info.plist;
				LD_RUNPATH_SEARCH_PATHS = "$(inherited) @executable_path/Frameworks @loader_path/Frameworks";
				PRODUCT_BUNDLE_IDENTIFIER = self.edu.thomasdiffendal.MyWVUUITests;
				PRODUCT_NAME = "$(TARGET_NAME)";
				TEST_TARGET_NAME = MyWVU;
				USES_XCTRUNNER = YES;
			};
			name = Debug;
		};
		A859C61E1C30CD84000CF361 /* Release */ = {
			isa = XCBuildConfiguration;
			buildSettings = {
				INFOPLIST_FILE = MyWVUUITests/Info.plist;
				LD_RUNPATH_SEARCH_PATHS = "$(inherited) @executable_path/Frameworks @loader_path/Frameworks";
				PRODUCT_BUNDLE_IDENTIFIER = self.edu.thomasdiffendal.MyWVUUITests;
				PRODUCT_NAME = "$(TARGET_NAME)";
				TEST_TARGET_NAME = MyWVU;
				USES_XCTRUNNER = YES;
			};
			name = Release;
		};
/* End XCBuildConfiguration section */

/* Begin XCConfigurationList section */
		A859C5E11C30CD84000CF361 /* Build configuration list for PBXProject "MyWVU" */ = {
			isa = XCConfigurationList;
			buildConfigurations = (
				A859C6141C30CD84000CF361 /* Debug */,
				A859C6151C30CD84000CF361 /* Release */,
			);
			defaultConfigurationIsVisible = 0;
			defaultConfigurationName = Release;
		};
		A859C6161C30CD84000CF361 /* Build configuration list for PBXNativeTarget "MyWVU" */ = {
			isa = XCConfigurationList;
			buildConfigurations = (
				A859C6171C30CD84000CF361 /* Debug */,
				A859C6181C30CD84000CF361 /* Release */,
			);
			defaultConfigurationIsVisible = 0;
		};
		A859C6191C30CD84000CF361 /* Build configuration list for PBXNativeTarget "MyWVUTests" */ = {
			isa = XCConfigurationList;
			buildConfigurations = (
				A859C61A1C30CD84000CF361 /* Debug */,
				A859C61B1C30CD84000CF361 /* Release */,
			);
			defaultConfigurationIsVisible = 0;
		};
		A859C61C1C30CD84000CF361 /* Build configuration list for PBXNativeTarget "MyWVUUITests" */ = {
			isa = XCConfigurationList;
			buildConfigurations = (
				A859C61D1C30CD84000CF361 /* Debug */,
				A859C61E1C30CD84000CF361 /* Release */,
			);
			defaultConfigurationIsVisible = 0;
		};
/* End XCConfigurationList section */

/* Begin XCVersionGroup section */
		A859C5F51C30CD84000CF361 /* MyWVU.xcdatamodeld */ = {
			isa = XCVersionGroup;
			children = (
				A859C5F61C30CD84000CF361 /* MyWVU.xcdatamodel */,
			);
			currentVersion = A859C5F61C30CD84000CF361 /* MyWVU.xcdatamodel */;
			path = MyWVU.xcdatamodeld;
			sourceTree = "<group>";
			versionGroupType = wrapper.xcdatamodel;
		};
/* End XCVersionGroup section */
	};
	rootObject = A859C5DE1C30CD84000CF361 /* Project object */;
}
